
Microsoft Visual Studio Solution File, Format Version 12.00
# Visual Studio Version 16
VisualStudioVersion = 16.0.809.7
MinimumVisualStudioVersion = 10.0.40219.1
Project("{9A19103F-16F7-4668-BE54-9A1E7A4F7556}") = "AnalyzeEnvelopes", "AnalyzeEnvelopes\AnalyzeEnvelopes.csproj", "{93858E3F-CDD1-4B64-9939-C9445C6932B1}"
EndProject
Project("{9A19103F-16F7-4668-BE54-9A1E7A4F7556}") = "Chessboard", "Chessboard\Chessboard.csproj", "{67250631-058C-4074-8B2C-D7F20DB2475D}"
EndProject
Global
	GlobalSection(SolutionConfigurationPlatforms) = preSolution
		Debug|Any CPU = Debug|Any CPU
		Release|Any CPU = Release|Any CPU
	EndGlobalSection
	GlobalSection(ProjectConfigurationPlatforms) = postSolution
		{93858E3F-CDD1-4B64-9939-C9445C6932B1}.Debug|Any CPU.ActiveCfg = Debug|Any CPU
		{93858E3F-CDD1-4B64-9939-C9445C6932B1}.Debug|Any CPU.Build.0 = Debug|Any CPU
		{93858E3F-CDD1-4B64-9939-C9445C6932B1}.Release|Any CPU.ActiveCfg = Release|Any CPU
		{93858E3F-CDD1-4B64-9939-C9445C6932B1}.Release|Any CPU.Build.0 = Release|Any CPU
		{67250631-058C-4074-8B2C-D7F20DB2475D}.Debug|Any CPU.ActiveCfg = Debug|Any CPU
		{67250631-058C-4074-8B2C-D7F20DB2475D}.Debug|Any CPU.Build.0 = Debug|Any CPU
		{67250631-058C-4074-8B2C-D7F20DB2475D}.Release|Any CPU.ActiveCfg = Release|Any CPU
		{67250631-058C-4074-8B2C-D7F20DB2475D}.Release|Any CPU.Build.0 = Release|Any CPU
	EndGlobalSection
	GlobalSection(SolutionProperties) = preSolution
		HideSolutionNode = FALSE
	EndGlobalSection
	GlobalSection(ExtensibilityGlobals) = postSolution
		SolutionGuid = {911832BC-F93C-494D-867E-E65947ADF28A}
	EndGlobalSection
EndGlobal
