
Microsoft Visual Studio Solution File, Format Version 12.00
# Visual Studio Version 16
VisualStudioVersion = 16.0.809.7
MinimumVisualStudioVersion = 10.0.40219.1
Project("{9A19103F-16F7-4668-BE54-9A1E7A4F7556}") = "AnalysisOfEnvelopes", "AnalyzeEnvelopes\AnalysisOfEnvelopes.csproj", "{93858E3F-CDD1-4B64-9939-C9445C6932B1}"
EndProject
Project("{9A19103F-16F7-4668-BE54-9A1E7A4F7556}") = "Chessboard", "Chessboard\Chessboard.csproj", "{67250631-058C-4074-8B2C-D7F20DB2475D}"
EndProject
Project("{9A19103F-16F7-4668-BE54-9A1E7A4F7556}") = "ArgumentsProcessor", "ArgumentsProcessor\ArgumentsProcessor.csproj", "{45AE9336-BC98-4375-91FF-769D5685C974}"
EndProject
Project("{9A19103F-16F7-4668-BE54-9A1E7A4F7556}") = "NumberToString", "NumberToString\NumberToString.csproj", "{438E7975-BE07-4404-BB10-2E9715CD2570}"
EndProject
Project("{9A19103F-16F7-4668-BE54-9A1E7A4F7556}") = "FileParser", "FileParser\FileParser.csproj", "{FEBBFD01-7249-42FA-9015-55DB749F647C}"
EndProject
Project("{9A19103F-16F7-4668-BE54-9A1E7A4F7556}") = "NumericalSequences", "NumericalSequence\NumericalSequences.csproj", "{B75CA91F-AB1F-4A81-9569-7FC135AF127A}"
EndProject
Project("{9A19103F-16F7-4668-BE54-9A1E7A4F7556}") = "LuckyTickets", "LuckyTickets\LuckyTickets.csproj", "{3834820B-DD0D-4490-9631-9F33EE96E3FE}"
EndProject
Project("{9A19103F-16F7-4668-BE54-9A1E7A4F7556}") = "SortingTriangles", "SortingTriangles\SortingTriangles.csproj", "{39984815-C598-4279-A9B6-5EAB095C9263}"
EndProject
Project("{FAE04EC0-301F-11D3-BF4B-00C04F79EFBC}") = "Fibonacci", "Fibonacci\Fibonacci.csproj", "{86D42064-5636-48BC-A105-6EE74FD25368}"
EndProject
Global
	GlobalSection(SolutionConfigurationPlatforms) = preSolution
		Debug|Any CPU = Debug|Any CPU
		Release|Any CPU = Release|Any CPU
	EndGlobalSection
	GlobalSection(ProjectConfigurationPlatforms) = postSolution
		{93858E3F-CDD1-4B64-9939-C9445C6932B1}.Debug|Any CPU.ActiveCfg = Debug|Any CPU
		{93858E3F-CDD1-4B64-9939-C9445C6932B1}.Debug|Any CPU.Build.0 = Debug|Any CPU
		{93858E3F-CDD1-4B64-9939-C9445C6932B1}.Release|Any CPU.ActiveCfg = Release|Any CPU
		{93858E3F-CDD1-4B64-9939-C9445C6932B1}.Release|Any CPU.Build.0 = Release|Any CPU
		{67250631-058C-4074-8B2C-D7F20DB2475D}.Debug|Any CPU.ActiveCfg = Debug|Any CPU
		{67250631-058C-4074-8B2C-D7F20DB2475D}.Debug|Any CPU.Build.0 = Debug|Any CPU
		{67250631-058C-4074-8B2C-D7F20DB2475D}.Release|Any CPU.ActiveCfg = Release|Any CPU
		{67250631-058C-4074-8B2C-D7F20DB2475D}.Release|Any CPU.Build.0 = Release|Any CPU
		{45AE9336-BC98-4375-91FF-769D5685C974}.Debug|Any CPU.ActiveCfg = Debug|Any CPU
		{45AE9336-BC98-4375-91FF-769D5685C974}.Debug|Any CPU.Build.0 = Debug|Any CPU
		{45AE9336-BC98-4375-91FF-769D5685C974}.Release|Any CPU.ActiveCfg = Release|Any CPU
		{45AE9336-BC98-4375-91FF-769D5685C974}.Release|Any CPU.Build.0 = Release|Any CPU
		{438E7975-BE07-4404-BB10-2E9715CD2570}.Debug|Any CPU.ActiveCfg = Debug|Any CPU
		{438E7975-BE07-4404-BB10-2E9715CD2570}.Debug|Any CPU.Build.0 = Debug|Any CPU
		{438E7975-BE07-4404-BB10-2E9715CD2570}.Release|Any CPU.ActiveCfg = Release|Any CPU
		{438E7975-BE07-4404-BB10-2E9715CD2570}.Release|Any CPU.Build.0 = Release|Any CPU
		{FEBBFD01-7249-42FA-9015-55DB749F647C}.Debug|Any CPU.ActiveCfg = Debug|Any CPU
		{FEBBFD01-7249-42FA-9015-55DB749F647C}.Debug|Any CPU.Build.0 = Debug|Any CPU
		{FEBBFD01-7249-42FA-9015-55DB749F647C}.Release|Any CPU.ActiveCfg = Release|Any CPU
		{FEBBFD01-7249-42FA-9015-55DB749F647C}.Release|Any CPU.Build.0 = Release|Any CPU
		{B75CA91F-AB1F-4A81-9569-7FC135AF127A}.Debug|Any CPU.ActiveCfg = Debug|Any CPU
		{B75CA91F-AB1F-4A81-9569-7FC135AF127A}.Debug|Any CPU.Build.0 = Debug|Any CPU
		{B75CA91F-AB1F-4A81-9569-7FC135AF127A}.Release|Any CPU.ActiveCfg = Release|Any CPU
		{B75CA91F-AB1F-4A81-9569-7FC135AF127A}.Release|Any CPU.Build.0 = Release|Any CPU
		{3834820B-DD0D-4490-9631-9F33EE96E3FE}.Debug|Any CPU.ActiveCfg = Debug|Any CPU
		{3834820B-DD0D-4490-9631-9F33EE96E3FE}.Debug|Any CPU.Build.0 = Debug|Any CPU
		{3834820B-DD0D-4490-9631-9F33EE96E3FE}.Release|Any CPU.ActiveCfg = Release|Any CPU
		{3834820B-DD0D-4490-9631-9F33EE96E3FE}.Release|Any CPU.Build.0 = Release|Any CPU
		{39984815-C598-4279-A9B6-5EAB095C9263}.Debug|Any CPU.ActiveCfg = Debug|Any CPU
		{39984815-C598-4279-A9B6-5EAB095C9263}.Debug|Any CPU.Build.0 = Debug|Any CPU
		{39984815-C598-4279-A9B6-5EAB095C9263}.Release|Any CPU.ActiveCfg = Release|Any CPU
		{39984815-C598-4279-A9B6-5EAB095C9263}.Release|Any CPU.Build.0 = Release|Any CPU
		{86D42064-5636-48BC-A105-6EE74FD25368}.Debug|Any CPU.ActiveCfg = Debug|Any CPU
		{86D42064-5636-48BC-A105-6EE74FD25368}.Debug|Any CPU.Build.0 = Debug|Any CPU
		{86D42064-5636-48BC-A105-6EE74FD25368}.Release|Any CPU.ActiveCfg = Release|Any CPU
		{86D42064-5636-48BC-A105-6EE74FD25368}.Release|Any CPU.Build.0 = Release|Any CPU
	EndGlobalSection
	GlobalSection(SolutionProperties) = preSolution
		HideSolutionNode = FALSE
	EndGlobalSection
	GlobalSection(ExtensibilityGlobals) = postSolution
		SolutionGuid = {911832BC-F93C-494D-867E-E65947ADF28A}
	EndGlobalSection
EndGlobal
